# This file is generated by running "yarn install" inside your project.
# Manual changes might be lost - proceed with caution!

__metadata:
  version: 4

"@feed-x/services@workspace:services":
  version: 0.0.0-use.local
  resolution: "@feed-x/services@workspace:services"
  languageName: unknown
  linkType: soft

"@feed-x/web-client@workspace:web-client":
  version: 0.0.0-use.local
  resolution: "@feed-x/web-client@workspace:web-client"
  languageName: unknown
  linkType: soft

"feed-x@workspace:.":
  version: 0.0.0-use.local
  resolution: "feed-x@workspace:."
  languageName: unknown
  linkType: soft
